<?xml version="1.0" encoding="utf-8"?>
<Project ToolsVersion="4.0" xmlns="http://schemas.microsoft.com/developer/msbuild/2003">
  <ItemGroup>
    <Filter Include="Source Files">
      <UniqueIdentifier>{dca5feac-6ff7-4b28-aafe-43cf059fa3f5}</UniqueIdentifier>
      <Extensions>cpp;c;cxx;rc;def;r;odl;idl;hpj;bat</Extensions>
    </Filter>
    <Filter Include="Header Files">
      <UniqueIdentifier>{e59a8516-5623-4850-b52e-fac01014e259}</UniqueIdentifier>
      <Extensions>h;hpp;hxx;hm;inl</Extensions>
    </Filter>
    <Filter Include="Resource Files">
      <UniqueIdentifier>{64d90def-c038-4b3c-b222-a331c8290229}</UniqueIdentifier>
      <Extensions>ico;cur;bmp;dlg;rc2;rct;bin;rgs;gif;jpg;jpeg;jpe</Extensions>
    </Filter>
  </ItemGroup>
  <ItemGroup>
    <ClCompile Include="Model_Contact.cpp">
      <Filter>Source Files</Filter>
    </ClCompile>
    <ClCompile Include="Model_Cyclic.cpp">
      <Filter>Source Files</Filter>
    </ClCompile>
    <ClCompile Include="Model_EP.cpp">
      <Filter>Source Files</Filter>
    </ClCompile>
    <ClCompile Include="Model_GH.cpp">
      <Filter>Source Files</Filter>
    </ClCompile>
    <ClCompile Include="Model_LVoter.cpp">
      <Filter>Source Files</Filter>
    </ClCompile>
    <ClCompile Include="Model_MultiContact.cpp">
      <Filter>Source Files</Filter>
    </ClCompile>
    <ClCompile Include="Model_RSP.cpp">
      <Filter>Source Files</Filter>
    </ClCompile>
    <ClCompile Include="ModelTemplate.cpp">
      <Filter>Source Files</Filter>
    </ClCompile>
    <ClCompile Include="MyRand.cpp">
      <Filter>Source Files</Filter>
    </ClCompile>
    <ClCompile Include="ParaDlg_Contact.cpp">
      <Filter>Source Files</Filter>
    </ClCompile>
    <ClCompile Include="ParaDlg_Cyclic.cpp">
      <Filter>Source Files</Filter>
    </ClCompile>
    <ClCompile Include="ParaDlg_Ep.cpp">
      <Filter>Source Files</Filter>
    </ClCompile>
    <ClCompile Include="ParaDlg_GH.cpp">
      <Filter>Source Files</Filter>
    </ClCompile>
    <ClCompile Include="ParaDlg_MultiCont.cpp">
      <Filter>Source Files</Filter>
    </ClCompile>
    <ClCompile Include="ParaDlg_RSP.cpp">
      <Filter>Source Files</Filter>
    </ClCompile>
    <ClCompile Include="ParaDlg_Voter.cpp">
      <Filter>Source Files</Filter>
    </ClCompile>
    <ClCompile Include="SpatialWnd.cpp">
      <Filter>Source Files</Filter>
    </ClCompile>
    <ClCompile Include="sss.cpp">
      <Filter>Source Files</Filter>
    </ClCompile>
    <ClCompile Include="sssDlg.cpp">
      <Filter>Source Files</Filter>
    </ClCompile>
    <ClCompile Include="sssWnd.cpp">
      <Filter>Source Files</Filter>
    </ClCompile>
    <ClCompile Include="StdAfx.cpp">
      <Filter>Source Files</Filter>
    </ClCompile>
  </ItemGroup>
  <ItemGroup>
    <ResourceCompile Include="sss.rc">
      <Filter>Source Files</Filter>
    </ResourceCompile>
  </ItemGroup>
  <ItemGroup>
    <ClInclude Include="Model_Contact.h">
      <Filter>Header Files</Filter>
    </ClInclude>
    <ClInclude Include="Model_Cyclic.h">
      <Filter>Header Files</Filter>
    </ClInclude>
    <ClInclude Include="Model_EP.h">
      <Filter>Header Files</Filter>
    </ClInclude>
    <ClInclude Include="Model_GH.h">
      <Filter>Header Files</Filter>
    </ClInclude>
    <ClInclude Include="Model_LVoter.h">
      <Filter>Header Files</Filter>
    </ClInclude>
    <ClInclude Include="Model_MultiContact.h">
      <Filter>Header Files</Filter>
    </ClInclude>
    <ClInclude Include="Model_RSP.h">
      <Filter>Header Files</Filter>
    </ClInclude>
    <ClInclude Include="ModelTemplate.h">
      <Filter>Header Files</Filter>
    </ClInclude>
    <ClInclude Include="MyRand.h">
      <Filter>Header Files</Filter>
    </ClInclude>
    <ClInclude Include="ParaDlg_Contact.h">
      <Filter>Header Files</Filter>
    </ClInclude>
    <ClInclude Include="ParaDlg_Cyclic.h">
      <Filter>Header Files</Filter>
    </ClInclude>
    <ClInclude Include="ParaDlg_Ep.h">
      <Filter>Header Files</Filter>
    </ClInclude>
    <ClInclude Include="ParaDlg_GH.h">
      <Filter>Header Files</Filter>
    </ClInclude>
    <ClInclude Include="ParaDlg_MultiCont.h">
      <Filter>Header Files</Filter>
    </ClInclude>
    <ClInclude Include="ParaDlg_RSP.h">
      <Filter>Header Files</Filter>
    </ClInclude>
    <ClInclude Include="ParaDlg_Voter.h">
      <Filter>Header Files</Filter>
    </ClInclude>
    <ClInclude Include="Resource.h">
      <Filter>Header Files</Filter>
    </ClInclude>
    <ClInclude Include="SpatialWnd.h">
      <Filter>Header Files</Filter>
    </ClInclude>
    <ClInclude Include="sss.h">
      <Filter>Header Files</Filter>
    </ClInclude>
    <ClInclude Include="sssDlg.h">
      <Filter>Header Files</Filter>
    </ClInclude>
    <ClInclude Include="sssWnd.h">
      <Filter>Header Files</Filter>
    </ClInclude>
    <ClInclude Include="StdAfx.h">
      <Filter>Header Files</Filter>
    </ClInclude>
  </ItemGroup>
  <ItemGroup>
    <Image Include="res\sss.ico">
      <Filter>Resource Files</Filter>
    </Image>
  </ItemGroup>
  <ItemGroup>
    <Text Include="ReadMe.txt" />
  </ItemGroup>
  <ItemGroup>
    <CustomBuild Include="res\sss.rc2">
      <Filter>Resource Files</Filter>
    </CustomBuild>
  </ItemGroup>
</Project>